
Microsoft Visual Studio Solution File, Format Version 12.00
# Visual Studio Version 17
VisualStudioVersion = 17.12.35707.178
MinimumVisualStudioVersion = 10.0.40219.1
Project("{FAE04EC0-301F-11D3-BF4B-00C04F79EFBC}") = "BuildWeek2-Be-Team7", "BuildWeek2-Be-Team7\BuildWeek2-Be-Team7.csproj", "{454263E7-08E7-4725-A719-1178C8A3CA2A}"
EndProject
Global
	GlobalSection(SolutionConfigurationPlatforms) = preSolution
		Debug|Any CPU = Debug|Any CPU
		Release|Any CPU = Release|Any CPU
	EndGlobalSection
	GlobalSection(ProjectConfigurationPlatforms) = postSolution
		{454263E7-08E7-4725-A719-1178C8A3CA2A}.Debug|Any CPU.ActiveCfg = Debug|Any CPU
		{454263E7-08E7-4725-A719-1178C8A3CA2A}.Debug|Any CPU.Build.0 = Debug|Any CPU
		{454263E7-08E7-4725-A719-1178C8A3CA2A}.Release|Any CPU.ActiveCfg = Release|Any CPU
		{454263E7-08E7-4725-A719-1178C8A3CA2A}.Release|Any CPU.Build.0 = Release|Any CPU
	EndGlobalSection
	GlobalSection(SolutionProperties) = preSolution
		HideSolutionNode = FALSE
	EndGlobalSection
EndGlobal
